
Microsoft Visual Studio Solution File, Format Version 12.00
# Visual Studio Version 16
VisualStudioVersion = 16.0.30204.135
MinimumVisualStudioVersion = 10.0.40219.1
Project("{FAE04EC0-301F-11D3-BF4B-00C04F79EFBC}") = "InstagramDownloader", "InstagramDownloader\InstagramDownloader.csproj", "{2FEFB5A9-7BD2-4943-8485-D762A28AD041}"
EndProject
Project("{FAE04EC0-301F-11D3-BF4B-00C04F79EFBC}") = "InstagramDownloader.Client", "InstagramDownloader.Client\InstagramDownloader.Client.csproj", "{EAD0B981-C1A7-4D4D-9152-5B2EFE8BAAA4}"
EndProject
Global
	GlobalSection(SolutionConfigurationPlatforms) = preSolution
		Debug|Any CPU = Debug|Any CPU
		Release|Any CPU = Release|Any CPU
	EndGlobalSection
	GlobalSection(ProjectConfigurationPlatforms) = postSolution
		{2FEFB5A9-7BD2-4943-8485-D762A28AD041}.Debug|Any CPU.ActiveCfg = Debug|Any CPU
		{2FEFB5A9-7BD2-4943-8485-D762A28AD041}.Debug|Any CPU.Build.0 = Debug|Any CPU
		{2FEFB5A9-7BD2-4943-8485-D762A28AD041}.Release|Any CPU.ActiveCfg = Release|Any CPU
		{2FEFB5A9-7BD2-4943-8485-D762A28AD041}.Release|Any CPU.Build.0 = Release|Any CPU
		{EAD0B981-C1A7-4D4D-9152-5B2EFE8BAAA4}.Debug|Any CPU.ActiveCfg = Debug|Any CPU
		{EAD0B981-C1A7-4D4D-9152-5B2EFE8BAAA4}.Debug|Any CPU.Build.0 = Debug|Any CPU
		{EAD0B981-C1A7-4D4D-9152-5B2EFE8BAAA4}.Release|Any CPU.ActiveCfg = Release|Any CPU
		{EAD0B981-C1A7-4D4D-9152-5B2EFE8BAAA4}.Release|Any CPU.Build.0 = Release|Any CPU
	EndGlobalSection
	GlobalSection(SolutionProperties) = preSolution
		HideSolutionNode = FALSE
	EndGlobalSection
	GlobalSection(ExtensibilityGlobals) = postSolution
		SolutionGuid = {E037D94D-A6F6-4AE6-AB39-26590D598FEB}
	EndGlobalSection
EndGlobal
